
Microsoft Visual Studio Solution File, Format Version 12.00
# Visual Studio Version 17
VisualStudioVersion = 17.14.36221.1 d17.14
MinimumVisualStudioVersion = 10.0.40219.1
Project("{FAE04EC0-301F-11D3-BF4B-00C04F79EFBC}") = "ISIP423_Kuzmina", "ISIP423_Kuzmina\ISIP423_Kuzmina.csproj", "{5A0814DA-1604-4C54-8A79-766C81A13E53}"
EndProject
Global
	GlobalSection(SolutionConfigurationPlatforms) = preSolution
		Debug|Any CPU = Debug|Any CPU
		Release|Any CPU = Release|Any CPU
	EndGlobalSection
	GlobalSection(ProjectConfigurationPlatforms) = postSolution
		{5A0814DA-1604-4C54-8A79-766C81A13E53}.Debug|Any CPU.ActiveCfg = Debug|Any CPU
		{5A0814DA-1604-4C54-8A79-766C81A13E53}.Debug|Any CPU.Build.0 = Debug|Any CPU
		{5A0814DA-1604-4C54-8A79-766C81A13E53}.Release|Any CPU.ActiveCfg = Release|Any CPU
		{5A0814DA-1604-4C54-8A79-766C81A13E53}.Release|Any CPU.Build.0 = Release|Any CPU
	EndGlobalSection
	GlobalSection(SolutionProperties) = preSolution
		HideSolutionNode = FALSE
	EndGlobalSection
	GlobalSection(ExtensibilityGlobals) = postSolution
		SolutionGuid = {12D24914-1EEF-4163-AF1D-C2AD9B1623A0}
	EndGlobalSection
EndGlobal
