
Microsoft Visual Studio Solution File, Format Version 12.00
# Visual Studio Version 17
VisualStudioVersion = 17.14.36221.1
MinimumVisualStudioVersion = 10.0.40219.1
Project("{FAE04EC0-301F-11D3-BF4B-00C04F79EFBC}") = "3ISIP423_KUZMINA", "3ISIP423_KUZMINA\3ISIP423_KUZMINA.csproj", "{F4188CE4-AE14-4B89-AA51-0C53FC95A8CF}"
EndProject
Global
	GlobalSection(SolutionConfigurationPlatforms) = preSolution
		Debug|Any CPU = Debug|Any CPU
		Release|Any CPU = Release|Any CPU
	EndGlobalSection
	GlobalSection(ProjectConfigurationPlatforms) = postSolution
		{F4188CE4-AE14-4B89-AA51-0C53FC95A8CF}.Debug|Any CPU.ActiveCfg = Debug|Any CPU
		{F4188CE4-AE14-4B89-AA51-0C53FC95A8CF}.Debug|Any CPU.Build.0 = Debug|Any CPU
		{F4188CE4-AE14-4B89-AA51-0C53FC95A8CF}.Release|Any CPU.ActiveCfg = Release|Any CPU
		{F4188CE4-AE14-4B89-AA51-0C53FC95A8CF}.Release|Any CPU.Build.0 = Release|Any CPU
	EndGlobalSection
	GlobalSection(SolutionProperties) = preSolution
		HideSolutionNode = FALSE
	EndGlobalSection
	GlobalSection(ExtensibilityGlobals) = postSolution
		SolutionGuid = {12D24914-1EEF-4163-AF1D-C2AD9B1623A0}
	EndGlobalSection
EndGlobal
